
Microsoft Visual Studio Solution File, Format Version 12.00
# Visual Studio 14
VisualStudioVersion = 14.0.25420.1
MinimumVisualStudioVersion = 10.0.40219.1
Project("{FAE04EC0-301F-11D3-BF4B-00C04F79EFBC}") = "BancoDemo", "BancoDemo\BancoDemo.csproj", "{DC7B9796-EE9B-47D8-BC33-B1C4C665EEBE}"
EndProject
Global
	GlobalSection(SolutionConfigurationPlatforms) = preSolution
		Debug|Any CPU = Debug|Any CPU
		Release|Any CPU = Release|Any CPU
	EndGlobalSection
	GlobalSection(ProjectConfigurationPlatforms) = postSolution
		{DC7B9796-EE9B-47D8-BC33-B1C4C665EEBE}.Debug|Any CPU.ActiveCfg = Debug|Any CPU
		{DC7B9796-EE9B-47D8-BC33-B1C4C665EEBE}.Debug|Any CPU.Build.0 = Debug|Any CPU
		{DC7B9796-EE9B-47D8-BC33-B1C4C665EEBE}.Release|Any CPU.ActiveCfg = Release|Any CPU
		{DC7B9796-EE9B-47D8-BC33-B1C4C665EEBE}.Release|Any CPU.Build.0 = Release|Any CPU
	EndGlobalSection
	GlobalSection(SolutionProperties) = preSolution
		HideSolutionNode = FALSE
	EndGlobalSection
EndGlobal
